
Microsoft Visual Studio Solution File, Format Version 12.00
# Visual Studio Version 17
VisualStudioVersion = 17.3.32804.467
MinimumVisualStudioVersion = 10.0.40219.1
Project("{9A19103F-16F7-4668-BE54-9A1E7A4F7556}") = "OpenAS2UI.Server", "src\Server\OpenAS2UI.Server.csproj", "{A84A6AE3-94DD-4266-B632-4F8CE34ECDC5}"
EndProject
Project("{9A19103F-16F7-4668-BE54-9A1E7A4F7556}") = "OpenAS2UI.Client", "src\Client\OpenAS2UI.Client.csproj", "{76721170-C5C1-454F-A72F-8BE3888A35DA}"
EndProject
Project("{9A19103F-16F7-4668-BE54-9A1E7A4F7556}") = "OpenAS2UI.Shared", "src\Shared\OpenAS2UI.Shared.csproj", "{581052B9-EFFF-4AA2-8796-8A132BDA2653}"
EndProject
Global
	GlobalSection(SolutionConfigurationPlatforms) = preSolution
		Debug|Any CPU = Debug|Any CPU
		Release|Any CPU = Release|Any CPU
	EndGlobalSection
	GlobalSection(ProjectConfigurationPlatforms) = postSolution
		{A84A6AE3-94DD-4266-B632-4F8CE34ECDC5}.Debug|Any CPU.ActiveCfg = Debug|Any CPU
		{A84A6AE3-94DD-4266-B632-4F8CE34ECDC5}.Debug|Any CPU.Build.0 = Debug|Any CPU
		{A84A6AE3-94DD-4266-B632-4F8CE34ECDC5}.Release|Any CPU.ActiveCfg = Release|Any CPU
		{A84A6AE3-94DD-4266-B632-4F8CE34ECDC5}.Release|Any CPU.Build.0 = Release|Any CPU
		{76721170-C5C1-454F-A72F-8BE3888A35DA}.Debug|Any CPU.ActiveCfg = Debug|Any CPU
		{76721170-C5C1-454F-A72F-8BE3888A35DA}.Debug|Any CPU.Build.0 = Debug|Any CPU
		{76721170-C5C1-454F-A72F-8BE3888A35DA}.Release|Any CPU.ActiveCfg = Release|Any CPU
		{76721170-C5C1-454F-A72F-8BE3888A35DA}.Release|Any CPU.Build.0 = Release|Any CPU
		{581052B9-EFFF-4AA2-8796-8A132BDA2653}.Debug|Any CPU.ActiveCfg = Debug|Any CPU
		{581052B9-EFFF-4AA2-8796-8A132BDA2653}.Debug|Any CPU.Build.0 = Debug|Any CPU
		{581052B9-EFFF-4AA2-8796-8A132BDA2653}.Release|Any CPU.ActiveCfg = Release|Any CPU
		{581052B9-EFFF-4AA2-8796-8A132BDA2653}.Release|Any CPU.Build.0 = Release|Any CPU
	EndGlobalSection
	GlobalSection(SolutionProperties) = preSolution
		HideSolutionNode = FALSE
	EndGlobalSection
	GlobalSection(ExtensibilityGlobals) = postSolution
		SolutionGuid = {C03633C0-66CC-40E9-BCA7-D6AFA1A659B8}
	EndGlobalSection
EndGlobal
